
Microsoft Visual Studio Solution File, Format Version 12.00
# Visual Studio Version 16
VisualStudioVersion = 16.0.31410.357
MinimumVisualStudioVersion = 10.0.40219.1
Project("{9A19103F-16F7-4668-BE54-9A1E7A4F7556}") = "Creste.MultiProject.MultiVersion.Lib", "Creste.MultiProject.MultiVersion.Lib\Creste.MultiProject.MultiVersion.Lib.csproj", "{13A50A1F-343F-4CC4-B3A3-E3F2D0180FE0}"
EndProject
Project("{FAE04EC0-301F-11D3-BF4B-00C04F79EFBC}") = "Creste.MultiProject.MultiVersion.App", "Creste.MultiProject.MultiVersion.App\Creste.MultiProject.MultiVersion.App.csproj", "{64A34D53-2597-4327-A4EB-EE950D8E3195}"
EndProject
Global
	GlobalSection(SolutionConfigurationPlatforms) = preSolution
		Debug|Any CPU = Debug|Any CPU
		Release|Any CPU = Release|Any CPU
	EndGlobalSection
	GlobalSection(ProjectConfigurationPlatforms) = postSolution
		{13A50A1F-343F-4CC4-B3A3-E3F2D0180FE0}.Debug|Any CPU.ActiveCfg = Debug|Any CPU
		{13A50A1F-343F-4CC4-B3A3-E3F2D0180FE0}.Debug|Any CPU.Build.0 = Debug|Any CPU
		{13A50A1F-343F-4CC4-B3A3-E3F2D0180FE0}.Release|Any CPU.ActiveCfg = Release|Any CPU
		{13A50A1F-343F-4CC4-B3A3-E3F2D0180FE0}.Release|Any CPU.Build.0 = Release|Any CPU
		{64A34D53-2597-4327-A4EB-EE950D8E3195}.Debug|Any CPU.ActiveCfg = Debug|Any CPU
		{64A34D53-2597-4327-A4EB-EE950D8E3195}.Debug|Any CPU.Build.0 = Debug|Any CPU
		{64A34D53-2597-4327-A4EB-EE950D8E3195}.Release|Any CPU.ActiveCfg = Release|Any CPU
		{64A34D53-2597-4327-A4EB-EE950D8E3195}.Release|Any CPU.Build.0 = Release|Any CPU
	EndGlobalSection
	GlobalSection(SolutionProperties) = preSolution
		HideSolutionNode = FALSE
	EndGlobalSection
	GlobalSection(ExtensibilityGlobals) = postSolution
		SolutionGuid = {992DB866-DC92-41E9-A678-F5A5D616E113}
	EndGlobalSection
EndGlobal
